<Solution>
  <Project Path="ERP.Application/ERP.Application.csproj" />
  <Project Path="ERP.Desktop/ERP.Desktop.csproj" />
  <Project Path="ERP.Domain/ERP.Domain.csproj" />
  <Project Path="ERP.Infrastructure/ERP.Infrastructure.csproj" />
  <Project Path="ERP.Shared/ERP.Shared.csproj" />
</Solution>
